<?xml version="1.0" encoding="utf-8"?>
<Project ToolsVersion="4.0" xmlns="http://schemas.microsoft.com/developer/msbuild/2003">
  <ItemGroup>
    <Filter Include="Fichiers sources">
      <UniqueIdentifier>{4FC737F1-C7A5-4376-A066-2A32D752A2FF}</UniqueIdentifier>
      <Extensions>cpp;c;cc;cxx;c++;cppm;ixx;def;odl;idl;hpj;bat;asm;asmx</Extensions>
    </Filter>
    <Filter Include="Fichiers d%27en-tête">
      <UniqueIdentifier>{93995380-89BD-4b04-88EB-625FBE52EBFB}</UniqueIdentifier>
      <Extensions>h;hh;hpp;hxx;h++;hm;inl;inc;ipp;xsd</Extensions>
    </Filter>
    <Filter Include="Fichiers de ressources">
      <UniqueIdentifier>{67DA6AB6-F800-4c08-8B7A-83BB121AAD01}</UniqueIdentifier>
      <Extensions>rc;ico;cur;bmp;dlg;rc2;rct;bin;rgs;gif;jpg;jpeg;jpe;resx;tiff;tif;png;wav;mfcribbon-ms</Extensions>
    </Filter>
    <Filter Include="shaders">
      <UniqueIdentifier>{a51d6bea-675d-4458-a7b2-8eb4d5ba490c}</UniqueIdentifier>
    </Filter>
    <Filter Include="Fichiers d%27en-tête\Graphics">
      <UniqueIdentifier>{3982e457-9940-4cc7-9c5f-133da6ed86d7}</UniqueIdentifier>
    </Filter>
    <Filter Include="Fichiers sources\Graphics">
      <UniqueIdentifier>{40afa6fd-4d54-4b3f-ae3f-9df94ef00105}</UniqueIdentifier>
    </Filter>
    <Filter Include="Fichiers d%27en-tête\Game">
      <UniqueIdentifier>{6756b3d4-1833-4425-9fa3-3a631fc26633}</UniqueIdentifier>
    </Filter>
    <Filter Include="Fichiers sources\Game">
      <UniqueIdentifier>{7532367e-0fe3-4050-864f-7ae675259326}</UniqueIdentifier>
    </Filter>
    <Filter Include="Resources">
      <UniqueIdentifier>{90de9737-a25a-47f6-ade4-7081be374a5e}</UniqueIdentifier>
    </Filter>
    <Filter Include="Resources\Pokemons">
      <UniqueIdentifier>{bd8f5cff-378f-44ca-87c7-562abb407d10}</UniqueIdentifier>
    </Filter>
    <Filter Include="Resources\Moves">
      <UniqueIdentifier>{6feca21c-5ad2-4af8-bd6f-a5df4809a088}</UniqueIdentifier>
    </Filter>
    <Filter Include="Fichiers d%27en-tête\Game\Battle">
      <UniqueIdentifier>{ee99829c-703a-42fc-a758-6ccffd725ac1}</UniqueIdentifier>
    </Filter>
    <Filter Include="Fichiers sources\Game\Battle">
      <UniqueIdentifier>{ceef452e-6861-4112-a478-562f12fe3b6e}</UniqueIdentifier>
    </Filter>
    <Filter Include="Fichiers d%27en-tête\Game\OpenWorld">
      <UniqueIdentifier>{aab3512c-26f1-435d-9a6a-8a111038ad5a}</UniqueIdentifier>
    </Filter>
    <Filter Include="Fichiers sources\Game\OpenWorld">
      <UniqueIdentifier>{02f17c5b-dfec-4dfc-aaa1-a47552e03fb4}</UniqueIdentifier>
    </Filter>
    <Filter Include="Resources\Blocks">
      <UniqueIdentifier>{4a12db4a-541d-443c-b037-fa2d95527c1e}</UniqueIdentifier>
    </Filter>
  </ItemGroup>
  <ItemGroup>
    <ClCompile Include="src\main.cpp">
      <Filter>Fichiers sources</Filter>
    </ClCompile>
    <ClCompile Include="src\EventManager.cpp">
      <Filter>Fichiers sources</Filter>
    </ClCompile>
    <ClCompile Include="src\Camera.cpp">
      <Filter>Fichiers sources\Graphics</Filter>
    </ClCompile>
    <ClCompile Include="src\Model.cpp">
      <Filter>Fichiers sources\Graphics</Filter>
    </ClCompile>
    <ClCompile Include="src\Shader.cpp">
      <Filter>Fichiers sources\Graphics</Filter>
    </ClCompile>
    <ClCompile Include="src\std_image.cpp">
      <Filter>Fichiers sources\Graphics</Filter>
    </ClCompile>
    <ClCompile Include="src\Window.cpp">
      <Filter>Fichiers sources\Graphics</Filter>
    </ClCompile>
    <ClCompile Include="src\Light.cpp">
      <Filter>Fichiers sources\Graphics</Filter>
    </ClCompile>
    <ClCompile Include="src\GUI.cpp">
      <Filter>Fichiers sources\Graphics</Filter>
    </ClCompile>
    <ClCompile Include="src\Drawable.cpp">
      <Filter>Fichiers sources\Graphics</Filter>
    </ClCompile>
    <ClCompile Include="src\Game.cpp">
      <Filter>Fichiers sources\Game</Filter>
    </ClCompile>
    <ClCompile Include="src\Font.cpp">
      <Filter>Fichiers sources\Graphics</Filter>
    </ClCompile>
    <ClCompile Include="src\SharedTypes.cpp">
      <Filter>Fichiers sources</Filter>
    </ClCompile>
    <ClCompile Include="src\Shape.cpp">
      <Filter>Fichiers sources\Graphics</Filter>
    </ClCompile>
    <ClCompile Include="include\GameData.cpp">
      <Filter>Fichiers sources\Game</Filter>
    </ClCompile>
    <ClCompile Include="src\StateManager.cpp">
      <Filter>Fichiers sources\Game</Filter>
    </ClCompile>
    <ClCompile Include="src\MenuState.cpp">
      <Filter>Fichiers sources\Game</Filter>
    </ClCompile>
    <ClCompile Include="src\APlayer.cpp">
      <Filter>Fichiers sources\Game\Battle</Filter>
    </ClCompile>
    <ClCompile Include="src\Board.cpp">
      <Filter>Fichiers sources\Game\Battle</Filter>
    </ClCompile>
    <ClCompile Include="src\GameSystem.cpp">
      <Filter>Fichiers sources\Game\Battle</Filter>
    </ClCompile>
    <ClCompile Include="src\Player.cpp">
      <Filter>Fichiers sources\Game\Battle</Filter>
    </ClCompile>
    <ClCompile Include="src\Pokemon.cpp">
      <Filter>Fichiers sources\Game\Battle</Filter>
    </ClCompile>
    <ClCompile Include="src\BattleState.cpp">
      <Filter>Fichiers sources\Game\Battle</Filter>
    </ClCompile>
    <ClCompile Include="src\OptionsState.cpp">
      <Filter>Fichiers sources\Game</Filter>
    </ClCompile>
    <ClCompile Include="src\Areas.cpp">
      <Filter>Fichiers sources\Game\Battle</Filter>
    </ClCompile>
    <ClCompile Include="src\Notifier.cpp">
      <Filter>Fichiers sources</Filter>
    </ClCompile>
    <ClCompile Include="src\GameGUI.cpp">
      <Filter>Fichiers sources\Game</Filter>
    </ClCompile>
    <ClCompile Include="include\OpenWorldState.cpp">
      <Filter>Fichiers sources\Game\OpenWorld</Filter>
    </ClCompile>
    <ClCompile Include="src\World.cpp">
      <Filter>Fichiers sources\Game\OpenWorld</Filter>
    </ClCompile>
    <ClCompile Include="src\Block.cpp">
      <Filter>Fichiers sources\Game\OpenWorld</Filter>
    </ClCompile>
    <ClCompile Include="src\Map.cpp">
      <Filter>Fichiers sources\Game\OpenWorld</Filter>
    </ClCompile>
    <ClCompile Include="src\PlayerBody.cpp">
      <Filter>Fichiers sources\Game\OpenWorld</Filter>
    </ClCompile>
    <ClCompile Include="src\Transitor.cpp">
      <Filter>Fichiers sources\Game</Filter>
    </ClCompile>
    <ClCompile Include="src\PokemonBody.cpp">
      <Filter>Fichiers sources\Game\OpenWorld</Filter>
    </ClCompile>
  </ItemGroup>
  <ItemGroup>
    <None Include="shaders\SimpleFragmentShader.glsl">
      <Filter>shaders</Filter>
    </None>
    <None Include="shaders\SimpleVertexShader.glsl">
      <Filter>shaders</Filter>
    </None>
    <None Include="shaders\ModelVertexShader.glsl">
      <Filter>shaders</Filter>
    </None>
    <None Include="shaders\ModelFragmentShader.glsl">
      <Filter>shaders</Filter>
    </None>
    <None Include="shaders\InstancedModelVertexShader.glsl">
      <Filter>shaders</Filter>
    </None>
    <None Include="shaders\CubemapVertexShader.glsl">
      <Filter>shaders</Filter>
    </None>
    <None Include="shaders\CubemapFragmentShader.glsl">
      <Filter>shaders</Filter>
    </None>
    <None Include="shaders\FontVertexShader.glsl">
      <Filter>shaders</Filter>
    </None>
    <None Include="shaders\FontFragmentShader.glsl">
      <Filter>shaders</Filter>
    </None>
    <None Include="Resources\GameData\Moves\Ember.json">
      <Filter>Resources\Moves</Filter>
    </None>
    <None Include="Resources\GameData\Pokemons\Charmander.json">
      <Filter>Resources\Pokemons</Filter>
    </None>
    <None Include="Resources\GameData\Moves\Moves.json">
      <Filter>Resources\Moves</Filter>
    </None>
    <None Include="Resources\GameData\Pokemons\Pokemons.json">
      <Filter>Resources\Pokemons</Filter>
    </None>
    <None Include="Resources\GameData\Moves\Bubble.json">
      <Filter>Resources\Moves</Filter>
    </None>
    <None Include="shaders\shaders.cfg">
      <Filter>shaders</Filter>
    </None>
    <None Include="Resources\Models\models.cfg">
      <Filter>Resources</Filter>
    </None>
    <None Include="Resources\fonts\fonts.cfg">
      <Filter>Resources</Filter>
    </None>
    <None Include="Resources\GameData\Pokemons\Bulbasaur.json">
      <Filter>Resources\Pokemons</Filter>
    </None>
    <None Include="Resources\GameData\Pokemons\Squirtle.json">
      <Filter>Resources\Pokemons</Filter>
    </None>
    <None Include="Resources\GameData\Moves\VineWhip.json">
      <Filter>Resources\Moves</Filter>
    </None>
    <None Include="Resources\GameData\Map\blocks.json">
      <Filter>Resources\Blocks</Filter>
    </None>
    <None Include="Resources\GameData\Map\grass.json">
      <Filter>Resources\Blocks</Filter>
    </None>
    <None Include="Resources\GameData\Map\map.json">
      <Filter>Resources\Blocks</Filter>
    </None>
  </ItemGroup>
  <ItemGroup>
    <ClInclude Include="include\EventManager.h">
      <Filter>Fichiers d%27en-tête</Filter>
    </ClInclude>
    <ClInclude Include="include\SharedTypes.h">
      <Filter>Fichiers d%27en-tête</Filter>
    </ClInclude>
    <ClInclude Include="include\Window.h">
      <Filter>Fichiers d%27en-tête\Graphics</Filter>
    </ClInclude>
    <ClInclude Include="include\Shader.h">
      <Filter>Fichiers d%27en-tête\Graphics</Filter>
    </ClInclude>
    <ClInclude Include="include\Model.h">
      <Filter>Fichiers d%27en-tête\Graphics</Filter>
    </ClInclude>
    <ClInclude Include="include\Camera.h">
      <Filter>Fichiers d%27en-tête\Graphics</Filter>
    </ClInclude>
    <ClInclude Include="include\Light.h">
      <Filter>Fichiers d%27en-tête\Graphics</Filter>
    </ClInclude>
    <ClInclude Include="include\GUI.h">
      <Filter>Fichiers d%27en-tête\Graphics</Filter>
    </ClInclude>
    <ClInclude Include="include\Drawable.h">
      <Filter>Fichiers d%27en-tête\Graphics</Filter>
    </ClInclude>
    <ClInclude Include="include\Game.h">
      <Filter>Fichiers d%27en-tête\Game</Filter>
    </ClInclude>
    <ClInclude Include="include\Font.h">
      <Filter>Fichiers d%27en-tête\Graphics</Filter>
    </ClInclude>
    <ClInclude Include="include\Shape.h">
      <Filter>Fichiers d%27en-tête\Graphics</Filter>
    </ClInclude>
    <ClInclude Include="include\json.hpp">
      <Filter>Fichiers d%27en-tête</Filter>
    </ClInclude>
    <ClInclude Include="include\GameData.h">
      <Filter>Fichiers d%27en-tête\Game</Filter>
    </ClInclude>
    <ClInclude Include="include\ResourceManager.h">
      <Filter>Fichiers d%27en-tête</Filter>
    </ClInclude>
    <ClInclude Include="include\StateManager.h">
      <Filter>Fichiers d%27en-tête\Game</Filter>
    </ClInclude>
    <ClInclude Include="include\MenuState.h">
      <Filter>Fichiers d%27en-tête\Game</Filter>
    </ClInclude>
    <ClInclude Include="include\APlayer.h">
      <Filter>Fichiers d%27en-tête\Game\Battle</Filter>
    </ClInclude>
    <ClInclude Include="include\BattleState.h">
      <Filter>Fichiers d%27en-tête\Game\Battle</Filter>
    </ClInclude>
    <ClInclude Include="include\Board.h">
      <Filter>Fichiers d%27en-tête\Game\Battle</Filter>
    </ClInclude>
    <ClInclude Include="include\GameSystem.h">
      <Filter>Fichiers d%27en-tête\Game\Battle</Filter>
    </ClInclude>
    <ClInclude Include="include\Player.h">
      <Filter>Fichiers d%27en-tête\Game\Battle</Filter>
    </ClInclude>
    <ClInclude Include="include\Pokemon.h">
      <Filter>Fichiers d%27en-tête\Game\Battle</Filter>
    </ClInclude>
    <ClInclude Include="include\OptionsState.h">
      <Filter>Fichiers d%27en-tête\Game</Filter>
    </ClInclude>
    <ClInclude Include="include\Areas.h">
      <Filter>Fichiers d%27en-tête\Game\Battle</Filter>
    </ClInclude>
    <ClInclude Include="include\Notifier.h">
      <Filter>Fichiers d%27en-tête</Filter>
    </ClInclude>
    <ClInclude Include="include\GameGUI.h">
      <Filter>Fichiers d%27en-tête\Game</Filter>
    </ClInclude>
    <ClInclude Include="include\OpenWorldState.h">
      <Filter>Fichiers d%27en-tête\Game\OpenWorld</Filter>
    </ClInclude>
    <ClInclude Include="include\World.h">
      <Filter>Fichiers d%27en-tête\Game\OpenWorld</Filter>
    </ClInclude>
    <ClInclude Include="include\Block.h">
      <Filter>Fichiers d%27en-tête\Game\OpenWorld</Filter>
    </ClInclude>
    <ClInclude Include="include\Map.h">
      <Filter>Fichiers d%27en-tête\Game\OpenWorld</Filter>
    </ClInclude>
    <ClInclude Include="include\PlayerBody.h">
      <Filter>Fichiers d%27en-tête\Game\OpenWorld</Filter>
    </ClInclude>
    <ClInclude Include="include\Transitor.h">
      <Filter>Fichiers d%27en-tête\Game</Filter>
    </ClInclude>
    <ClInclude Include="include\PokemonBody.h">
      <Filter>Fichiers d%27en-tête\Game\OpenWorld</Filter>
    </ClInclude>
  </ItemGroup>
  <ItemGroup>
    <Text Include="Resources\GameData\ResourcesDescription.txt">
      <Filter>Resources</Filter>
    </Text>
  </ItemGroup>
</Project>